
Microsoft Visual Studio Solution File, Format Version 12.00
# Visual Studio Version 17
VisualStudioVersion = 17.5.002.0
MinimumVisualStudioVersion = 10.0.40219.1
Project("{9A19103F-16F7-4668-BE54-9A1E7A4F7556}") = "Aibu.InternshipAutomation", "Aibu.InternshipAutomation.csproj", "{4FC3FAA6-4191-43BF-8E82-A968A8AC8B2A}"
EndProject
Global
	GlobalSection(SolutionConfigurationPlatforms) = preSolution
		Debug|Any CPU = Debug|Any CPU
		Release|Any CPU = Release|Any CPU
	EndGlobalSection
	GlobalSection(ProjectConfigurationPlatforms) = postSolution
		{4FC3FAA6-4191-43BF-8E82-A968A8AC8B2A}.Debug|Any CPU.ActiveCfg = Debug|Any CPU
		{4FC3FAA6-4191-43BF-8E82-A968A8AC8B2A}.Debug|Any CPU.Build.0 = Debug|Any CPU
		{4FC3FAA6-4191-43BF-8E82-A968A8AC8B2A}.Release|Any CPU.ActiveCfg = Release|Any CPU
		{4FC3FAA6-4191-43BF-8E82-A968A8AC8B2A}.Release|Any CPU.Build.0 = Release|Any CPU
	EndGlobalSection
	GlobalSection(SolutionProperties) = preSolution
		HideSolutionNode = FALSE
	EndGlobalSection
	GlobalSection(ExtensibilityGlobals) = postSolution
		SolutionGuid = {9FAF2533-1095-4883-B508-48BFB75B177A}
	EndGlobalSection
EndGlobal
